# This file is automatically @generated by Cargo.
# It is not intended for manual editing.
[[package]]
name = "nbconvert"
version = "0.1.0"
dependencies = [
 "pico-args",
]

[[package]]
name = "pico-args"
version = "0.3.4"
source = "registry+https://github.com/rust-lang/crates.io-index"
checksum = "28b9b4df73455c861d7cbf8be42f01d3b373ed7f02e378d55fa84eafc6f638b1"
